{
  "name": "mr-amr-mohamed",
  "version": "1.0.0",
  "lockfileVersion": 3,
  "requires": true,
  "packages": {
    "": {
      "name": "mr-amr-mohamed",
      "version": "1.0.0",
      "dependencies": {
        "ignore": "^7.0.9"
      }
    },
    "node_modules/ignore": {
      "version": "7.0.9",
      "resolved": "https://registry.npmjs.org/ignore/-/ignore-7.0.9.tgz",
      "integrity": "sha512-brTTsvFRt5C1gGHtPst/281UjPD5t9fBqbgoMPlVWy11ZLTPfu7HxK4ZYqO9H7o/yC9rSTCI85EaQ4OoY12qYw==",
      "license": "MIT",
      "engines": {
        "node": ">= 4"
      }
    }
  }
}
